
Microsoft Visual Studio Solution File, Format Version 12.00
# Visual Studio Version 16
VisualStudioVersion = 16.0.30225.117
MinimumVisualStudioVersion = 10.0.40219.1
Project("{9A19103F-16F7-4668-BE54-9A1E7A4F7556}") = "AssemblyBrowser", "AssemblyBrowser.csproj", "{836921D4-0449-4001-AC79-03D495E672F3}"
EndProject
Project("{9A19103F-16F7-4668-BE54-9A1E7A4F7556}") = "AssemblyBrowserTester", "..\AssemblyBrowserTester\AssemblyBrowserTester.csproj", "{FA3978C7-D704-45F8-AD2F-804381A7BCE0}"
EndProject
Project("{9A19103F-16F7-4668-BE54-9A1E7A4F7556}") = "AssemblyTreeView", "..\AssemblyTreeView\AssemblyTreeView.csproj", "{9D4A114F-60AF-4A1E-91FD-3A525D721C6F}"
EndProject
Project("{9A19103F-16F7-4668-BE54-9A1E7A4F7556}") = "ExtensionMethodTest", "..\ExtensionMethodTest\ExtensionMethodTest.csproj", "{FECCC31E-CA27-4A1F-A5DC-F5762122C655}"
EndProject
Global
	GlobalSection(SolutionConfigurationPlatforms) = preSolution
		Debug|Any CPU = Debug|Any CPU
		Release|Any CPU = Release|Any CPU
	EndGlobalSection
	GlobalSection(ProjectConfigurationPlatforms) = postSolution
		{836921D4-0449-4001-AC79-03D495E672F3}.Debug|Any CPU.ActiveCfg = Debug|Any CPU
		{836921D4-0449-4001-AC79-03D495E672F3}.Debug|Any CPU.Build.0 = Debug|Any CPU
		{836921D4-0449-4001-AC79-03D495E672F3}.Release|Any CPU.ActiveCfg = Release|Any CPU
		{836921D4-0449-4001-AC79-03D495E672F3}.Release|Any CPU.Build.0 = Release|Any CPU
		{FA3978C7-D704-45F8-AD2F-804381A7BCE0}.Debug|Any CPU.ActiveCfg = Debug|Any CPU
		{FA3978C7-D704-45F8-AD2F-804381A7BCE0}.Debug|Any CPU.Build.0 = Debug|Any CPU
		{FA3978C7-D704-45F8-AD2F-804381A7BCE0}.Release|Any CPU.ActiveCfg = Release|Any CPU
		{FA3978C7-D704-45F8-AD2F-804381A7BCE0}.Release|Any CPU.Build.0 = Release|Any CPU
		{9D4A114F-60AF-4A1E-91FD-3A525D721C6F}.Debug|Any CPU.ActiveCfg = Debug|Any CPU
		{9D4A114F-60AF-4A1E-91FD-3A525D721C6F}.Debug|Any CPU.Build.0 = Debug|Any CPU
		{9D4A114F-60AF-4A1E-91FD-3A525D721C6F}.Release|Any CPU.ActiveCfg = Release|Any CPU
		{9D4A114F-60AF-4A1E-91FD-3A525D721C6F}.Release|Any CPU.Build.0 = Release|Any CPU
		{FECCC31E-CA27-4A1F-A5DC-F5762122C655}.Debug|Any CPU.ActiveCfg = Debug|Any CPU
		{FECCC31E-CA27-4A1F-A5DC-F5762122C655}.Debug|Any CPU.Build.0 = Debug|Any CPU
		{FECCC31E-CA27-4A1F-A5DC-F5762122C655}.Release|Any CPU.ActiveCfg = Release|Any CPU
		{FECCC31E-CA27-4A1F-A5DC-F5762122C655}.Release|Any CPU.Build.0 = Release|Any CPU
	EndGlobalSection
	GlobalSection(SolutionProperties) = preSolution
		HideSolutionNode = FALSE
	EndGlobalSection
	GlobalSection(ExtensibilityGlobals) = postSolution
		SolutionGuid = {802D4CF2-835A-491B-AD40-2FC6DFC74CBE}
	EndGlobalSection
EndGlobal
