
Microsoft Visual Studio Solution File, Format Version 12.00
# Visual Studio Version 16
VisualStudioVersion = 16.0.30225.117
MinimumVisualStudioVersion = 10.0.40219.1
Project("{FAE04EC0-301F-11D3-BF4B-00C04F79EFBC}") = "AssemblyBrowserTester", "AssemblyBrowserTester.csproj", "{3D9A85EC-AE55-4488-BCB4-D69A79979CA5}"
EndProject
Global
	GlobalSection(SolutionConfigurationPlatforms) = preSolution
		Debug|Any CPU = Debug|Any CPU
		Release|Any CPU = Release|Any CPU
	EndGlobalSection
	GlobalSection(ProjectConfigurationPlatforms) = postSolution
		{3D9A85EC-AE55-4488-BCB4-D69A79979CA5}.Debug|Any CPU.ActiveCfg = Debug|Any CPU
		{3D9A85EC-AE55-4488-BCB4-D69A79979CA5}.Debug|Any CPU.Build.0 = Debug|Any CPU
		{3D9A85EC-AE55-4488-BCB4-D69A79979CA5}.Release|Any CPU.ActiveCfg = Release|Any CPU
		{3D9A85EC-AE55-4488-BCB4-D69A79979CA5}.Release|Any CPU.Build.0 = Release|Any CPU
	EndGlobalSection
	GlobalSection(SolutionProperties) = preSolution
		HideSolutionNode = FALSE
	EndGlobalSection
	GlobalSection(ExtensibilityGlobals) = postSolution
		SolutionGuid = {676E69A5-CB26-469F-B97C-F1990C00DC76}
	EndGlobalSection
EndGlobal
