
Microsoft Visual Studio Solution File, Format Version 12.00
# Visual Studio Version 16
VisualStudioVersion = 16.0.30225.117
MinimumVisualStudioVersion = 10.0.40219.1
Project("{FAE04EC0-301F-11D3-BF4B-00C04F79EFBC}") = "AssemblyTreeView", "AssemblyTreeView.csproj", "{70EFF31A-A6EC-46CD-9E8C-5550EEB43B3B}"
EndProject
Global
	GlobalSection(SolutionConfigurationPlatforms) = preSolution
		Debug|Any CPU = Debug|Any CPU
		Release|Any CPU = Release|Any CPU
	EndGlobalSection
	GlobalSection(ProjectConfigurationPlatforms) = postSolution
		{70EFF31A-A6EC-46CD-9E8C-5550EEB43B3B}.Debug|Any CPU.ActiveCfg = Debug|Any CPU
		{70EFF31A-A6EC-46CD-9E8C-5550EEB43B3B}.Debug|Any CPU.Build.0 = Debug|Any CPU
		{70EFF31A-A6EC-46CD-9E8C-5550EEB43B3B}.Release|Any CPU.ActiveCfg = Release|Any CPU
		{70EFF31A-A6EC-46CD-9E8C-5550EEB43B3B}.Release|Any CPU.Build.0 = Release|Any CPU
	EndGlobalSection
	GlobalSection(SolutionProperties) = preSolution
		HideSolutionNode = FALSE
	EndGlobalSection
	GlobalSection(ExtensibilityGlobals) = postSolution
		SolutionGuid = {81547BCC-5FD9-4D62-A426-E82DA14C1A20}
	EndGlobalSection
EndGlobal
